{
  "version": 4,
  "terraform_version": "1.9.5",
  "serial": 160,
  "lineage": "9aae4f29-f80d-8957-8219-4deec8f72623",
  "outputs": {},
  "resources": [
    {
      "module": "module.app.module.ecr",
      "mode": "managed",
      "type": "aws_ecr_repository",
      "name": "main",
      "provider": "provider[\"registry.terraform.io/hashicorp/aws\"]",
      "instances": [
        {
          "schema_version": 0,
          "attributes": {
            "arn": "arn:aws:ecr:us-east-1:408355232675:repository/pwc-eks",
            "encryption_configuration": [
              {
                "encryption_type": "AES256",
                "kms_key": ""
              }
            ],
            "force_delete": null,
            "id": "pwc-eks",
            "image_scanning_configuration": [
              {
                "scan_on_push": true
              }
            ],
            "image_tag_mutability": "MUTABLE",
            "name": "pwc-eks",
            "registry_id": "408355232675",
            "repository_url": "408355232675.dkr.ecr.us-east-1.amazonaws.com/pwc-eks",
            "tags": {},
            "tags_all": {},
            "timeouts": null
          },
          "sensitive_attributes": [],
          "private": "eyJlMmJmYjczMC1lY2FhLTExZTYtOGY4OC0zNDM2M2JjN2M0YzAiOnsiZGVsZXRlIjoxMjAwMDAwMDAwMDAwfX0=",
          "dependencies": [
            "module.network.module.vpc.aws_eip.nat",
            "module.network.module.vpc.aws_internet_gateway.igw",
            "module.network.module.vpc.aws_nat_gateway.nat",
            "module.network.module.vpc.aws_route_table.private_rt",
            "module.network.module.vpc.aws_route_table.public_rt",
            "module.network.module.vpc.aws_route_table_association.private_association",
            "module.network.module.vpc.aws_route_table_association.public_association",
            "module.network.module.vpc.aws_route_table_association.public_association2",
            "module.network.module.vpc.aws_subnet.private",
            "module.network.module.vpc.aws_subnet.public",
            "module.network.module.vpc.aws_subnet.public2",
            "module.network.module.vpc.aws_vpc.main"
          ]
        }
      ]
    },
    {
      "module": "module.app.module.eks",
      "mode": "managed",
      "type": "aws_eks_cluster",
      "name": "eks_cluster",
      "provider": "provider[\"registry.terraform.io/hashicorp/aws\"]",
      "instances": [
        {
          "schema_version": 1,
          "attributes": {
            "access_config": [
              {
                "authentication_mode": "CONFIG_MAP",
                "bootstrap_cluster_creator_admin_permissions": true
              }
            ],
            "arn": "arn:aws:eks:us-east-1:408355232675:cluster/pwc-app",
            "bootstrap_self_managed_addons": true,
            "certificate_authority": [
              {
                "data": "LS0tLS1CRUdJTiBDRVJUSUZJQ0FURS0tLS0tCk1JSURCVENDQWUyZ0F3SUJBZ0lJR1BxdUN0Kzg3dU13RFFZSktvWklodmNOQVFFTEJRQXdGVEVUTUJFR0ExVUUKQXhNS2EzVmlaWEp1WlhSbGN6QWVGdzB5TkRBNU1EZ3hNelE0TURsYUZ3MHpOREE1TURZeE16VXpNRGxhTUJVeApFekFSQmdOVkJBTVRDbXQxWW1WeWJtVjBaWE13Z2dFaU1BMEdDU3FHU0liM0RRRUJBUVVBQTRJQkR3QXdnZ0VLCkFvSUJBUURpOXJlQVNOYVNjTlJ4RGxmSXJzMnd6RkkybXp4UUwweTZOaTFyamxhd3dFRWpoNTJ0c09DRFo5ZWEKQkJ2bWlUTUZzYk1EVkZsM0dJWUppK0g5NmdhVFRmZDZtZjlRbE1TWDgveEVFWklOb21zWW1NOUVWV0dCV0N3agpHaTFWb05JMElFUlhOVE85ZkZrdTBnekpObkxzZ0I5bHFvNkRGNlozQ1BSVzg4dXhRQnhPdE9Vb2pSaXlKQ2tVCjU1RkJQUVNQR2hlNWdISUM2UXRLUnVXRDBNOVdzOXVCRisvRTFpM0ZudVZ0VHFOZ3EwV2YwaC93d3VwL0srUTgKalhsL1pJbC94RjJUam1nWEFuUXNNWG94OEpjWGs4azZYZEwzbjlvYXI2blFWb2RQai9QMUpPY0Zqc2dXY0lxVwpLbnJUWFR0ME5WZVkyY1orSndwSkMzdHhGVmM5QWdNQkFBR2pXVEJYTUE0R0ExVWREd0VCL3dRRUF3SUNwREFQCkJnTlZIUk1CQWY4RUJUQURBUUgvTUIwR0ExVWREZ1FXQkJSekdxYmdpRmx5aU5HaVhXL2RhVzRNVjVOTUtUQVYKQmdOVkhSRUVEakFNZ2dwcmRXSmxjbTVsZEdWek1BMEdDU3FHU0liM0RRRUJDd1VBQTRJQkFRQWhrTzRNRWhYSQp4VzZmUmFZM0lDUCszcEJobXZhVUZlU0M5RHhCclZndGs0VnhEWFJXVWMrcDNCVnpGcmpiVy84NE16ZDVmTG1wCkV0bWliTGRhR3g5Z3V2RlZOK1JtUUQ2UGFmclJZaG1uS3IxZDhoc2tiYjRjUnNvQXF3Z3NocnJFYTlCREN0eEUKUEI1UkxmMHFXSkptYVlyYjdHWklaRXBKa1VSS0JzbkM3ZmI5aUpub1ZxOTBzd0ZZOU85UzNaY2hwUDl6YTJ2OQp1SnU0dEpMMTVmSW1FcXFDRndxanZvN0dmTC9sSm5QWlUvZFhqUEZpV0JWU0dwSDJ0RkhSWnBUT3dyL3ovUW1VClpHN1BQWWhnS2ZCU3Jqc2lGb085b3dTZU5CN0JEUldRcjlzaVdRZkdFQWhlUER0UEE1UXFQdjlFU1FCSytBdXUKMlNEK0lKLzBhalhZCi0tLS0tRU5EIENFUlRJRklDQVRFLS0tLS0K"
              }
            ],
            "cluster_id": null,
            "created_at": "2024-09-08 13:48:00.743 +0000 UTC",
            "enabled_cluster_log_types": null,
            "encryption_config": [],
            "endpoint": "https://4AE53F1EA0D4F10FCC1C879F63550B8D.gr7.us-east-1.eks.amazonaws.com",
            "id": "pwc-app",
            "identity": [
              {
                "oidc": [
                  {
                    "issuer": "https://oidc.eks.us-east-1.amazonaws.com/id/4AE53F1EA0D4F10FCC1C879F63550B8D"
                  }
                ]
              }
            ],
            "kubernetes_network_config": [
              {
                "ip_family": "ipv4",
                "service_ipv4_cidr": "172.20.0.0/16",
                "service_ipv6_cidr": ""
              }
            ],
            "name": "pwc-app",
            "outpost_config": [],
            "platform_version": "eks.7",
            "role_arn": "arn:aws:iam::408355232675:role/eks-cluster-role",
            "status": "ACTIVE",
            "tags": null,
            "tags_all": {},
            "timeouts": null,
            "upgrade_policy": [
              {
                "support_type": "EXTENDED"
              }
            ],
            "version": "1.30",
            "vpc_config": [
              {
                "cluster_security_group_id": "sg-06b6e9de16db138bd",
                "endpoint_private_access": false,
                "endpoint_public_access": true,
                "public_access_cidrs": [
                  "0.0.0.0/0"
                ],
                "security_group_ids": null,
                "subnet_ids": [
                  "subnet-005f61791965964a5",
                  "subnet-00ab09109387cc3c9"
                ],
                "vpc_id": "vpc-057411fd5f3aa10d3"
              }
            ]
          },
          "sensitive_attributes": [],
          "private": "eyJlMmJmYjczMC1lY2FhLTExZTYtOGY4OC0zNDM2M2JjN2M0YzAiOnsiY3JlYXRlIjoxODAwMDAwMDAwMDAwLCJkZWxldGUiOjkwMDAwMDAwMDAwMCwidXBkYXRlIjozNjAwMDAwMDAwMDAwfSwic2NoZW1hX3ZlcnNpb24iOiIxIn0=",
          "dependencies": [
            "module.app.module.eks.aws_iam_role.eks_cluster_role",
            "module.app.module.eks.aws_iam_role_policy_attachment.eks_cluster_policy",
            "module.network.module.vpc.aws_eip.nat",
            "module.network.module.vpc.aws_internet_gateway.igw",
            "module.network.module.vpc.aws_nat_gateway.nat",
            "module.network.module.vpc.aws_route_table.private_rt",
            "module.network.module.vpc.aws_route_table.public_rt",
            "module.network.module.vpc.aws_route_table_association.private_association",
            "module.network.module.vpc.aws_route_table_association.public_association",
            "module.network.module.vpc.aws_route_table_association.public_association2",
            "module.network.module.vpc.aws_subnet.private",
            "module.network.module.vpc.aws_subnet.public",
            "module.network.module.vpc.aws_subnet.public2",
            "module.network.module.vpc.aws_vpc.main"
          ]
        }
      ]
    },
    {
      "module": "module.app.module.eks",
      "mode": "managed",
      "type": "aws_eks_node_group",
      "name": "node_group",
      "provider": "provider[\"registry.terraform.io/hashicorp/aws\"]",
      "instances": [
        {
          "schema_version": 0,
          "attributes": {
            "ami_type": "AL2023_x86_64_STANDARD",
            "arn": "arn:aws:eks:us-east-1:408355232675:nodegroup/pwc-app/terraform-20240908135527769500000001/d8c8e8f5-8611-8039-e0f0-c7e01fb3503d",
            "capacity_type": "ON_DEMAND",
            "cluster_name": "pwc-app",
            "disk_size": 20,
            "force_update_version": null,
            "id": "pwc-app:terraform-20240908135527769500000001",
            "instance_types": [
              "t3.medium"
            ],
            "labels": null,
            "launch_template": [],
            "node_group_name": "terraform-20240908135527769500000001",
            "node_group_name_prefix": "terraform-",
            "node_role_arn": "arn:aws:iam::408355232675:role/eks-node-role",
            "release_version": "1.30.2-20240904",
            "remote_access": [],
            "resources": [
              {
                "autoscaling_groups": [
                  {
                    "name": "eks-terraform-20240908135527769500000001-d8c8e8f5-8611-8039-e0f0-c7e01fb3503d"
                  }
                ],
                "remote_access_security_group_id": ""
              }
            ],
            "scaling_config": [
              {
                "desired_size": 2,
                "max_size": 3,
                "min_size": 1
              }
            ],
            "status": "ACTIVE",
            "subnet_ids": [
              "subnet-005f61791965964a5"
            ],
            "tags": null,
            "tags_all": {},
            "taint": [],
            "timeouts": null,
            "update_config": [
              {
                "max_unavailable": 1,
                "max_unavailable_percentage": 0
              }
            ],
            "version": "1.30"
          },
          "sensitive_attributes": [],
          "private": "eyJlMmJmYjczMC1lY2FhLTExZTYtOGY4OC0zNDM2M2JjN2M0YzAiOnsiY3JlYXRlIjozNjAwMDAwMDAwMDAwLCJkZWxldGUiOjM2MDAwMDAwMDAwMDAsInVwZGF0ZSI6MzYwMDAwMDAwMDAwMH19",
          "dependencies": [
            "module.app.module.eks.aws_eks_cluster.eks_cluster",
            "module.app.module.eks.aws_iam_role.eks_cluster_role",
            "module.app.module.eks.aws_iam_role.eks_node_role",
            "module.app.module.eks.aws_iam_role_policy_attachment.eks_cluster_policy",
            "module.network.module.vpc.aws_eip.nat",
            "module.network.module.vpc.aws_internet_gateway.igw",
            "module.network.module.vpc.aws_nat_gateway.nat",
            "module.network.module.vpc.aws_route_table.private_rt",
            "module.network.module.vpc.aws_route_table.public_rt",
            "module.network.module.vpc.aws_route_table_association.private_association",
            "module.network.module.vpc.aws_route_table_association.public_association",
            "module.network.module.vpc.aws_route_table_association.public_association2",
            "module.network.module.vpc.aws_subnet.private",
            "module.network.module.vpc.aws_subnet.public",
            "module.network.module.vpc.aws_subnet.public2",
            "module.network.module.vpc.aws_vpc.main"
          ]
        }
      ]
    },
    {
      "module": "module.app.module.eks",
      "mode": "managed",
      "type": "aws_iam_role",
      "name": "eks_cluster_role",
      "provider": "provider[\"registry.terraform.io/hashicorp/aws\"]",
      "instances": [
        {
          "schema_version": 0,
          "attributes": {
            "arn": "arn:aws:iam::408355232675:role/eks-cluster-role",
            "assume_role_policy": "{\"Statement\":[{\"Action\":\"sts:AssumeRole\",\"Effect\":\"Allow\",\"Principal\":{\"Service\":\"eks.amazonaws.com\"}}],\"Version\":\"2012-10-17\"}",
            "create_date": "2024-09-08T13:41:43Z",
            "description": "",
            "force_detach_policies": false,
            "id": "eks-cluster-role",
            "inline_policy": [],
            "managed_policy_arns": [
              "arn:aws:iam::aws:policy/AmazonEKSClusterPolicy"
            ],
            "max_session_duration": 3600,
            "name": "eks-cluster-role",
            "name_prefix": "",
            "path": "/",
            "permissions_boundary": "",
            "tags": {},
            "tags_all": {},
            "unique_id": "AROAV6E66LORYHHPDAKNJ"
          },
          "sensitive_attributes": [],
          "private": "bnVsbA==",
          "dependencies": [
            "module.network.module.vpc.aws_eip.nat",
            "module.network.module.vpc.aws_internet_gateway.igw",
            "module.network.module.vpc.aws_nat_gateway.nat",
            "module.network.module.vpc.aws_route_table.private_rt",
            "module.network.module.vpc.aws_route_table.public_rt",
            "module.network.module.vpc.aws_route_table_association.private_association",
            "module.network.module.vpc.aws_route_table_association.public_association",
            "module.network.module.vpc.aws_route_table_association.public_association2",
            "module.network.module.vpc.aws_subnet.private",
            "module.network.module.vpc.aws_subnet.public",
            "module.network.module.vpc.aws_subnet.public2",
            "module.network.module.vpc.aws_vpc.main"
          ]
        }
      ]
    },
    {
      "module": "module.app.module.eks",
      "mode": "managed",
      "type": "aws_iam_role",
      "name": "eks_node_role",
      "provider": "provider[\"registry.terraform.io/hashicorp/aws\"]",
      "instances": [
        {
          "schema_version": 0,
          "attributes": {
            "arn": "arn:aws:iam::408355232675:role/eks-node-role",
            "assume_role_policy": "{\"Statement\":[{\"Action\":\"sts:AssumeRole\",\"Effect\":\"Allow\",\"Principal\":{\"Service\":\"ec2.amazonaws.com\"}}],\"Version\":\"2012-10-17\"}",
            "create_date": "2024-09-08T13:41:43Z",
            "description": "",
            "force_detach_policies": false,
            "id": "eks-node-role",
            "inline_policy": [],
            "managed_policy_arns": [
              "arn:aws:iam::aws:policy/AmazonEC2ContainerRegistryReadOnly",
              "arn:aws:iam::aws:policy/AmazonEKSWorkerNodePolicy",
              "arn:aws:iam::aws:policy/AmazonEKS_CNI_Policy"
            ],
            "max_session_duration": 3600,
            "name": "eks-node-role",
            "name_prefix": "",
            "path": "/",
            "permissions_boundary": "",
            "tags": {},
            "tags_all": {},
            "unique_id": "AROAV6E66LORY2EEKXQJ6"
          },
          "sensitive_attributes": [],
          "private": "bnVsbA==",
          "dependencies": [
            "module.network.module.vpc.aws_eip.nat",
            "module.network.module.vpc.aws_internet_gateway.igw",
            "module.network.module.vpc.aws_nat_gateway.nat",
            "module.network.module.vpc.aws_route_table.private_rt",
            "module.network.module.vpc.aws_route_table.public_rt",
            "module.network.module.vpc.aws_route_table_association.private_association",
            "module.network.module.vpc.aws_route_table_association.public_association",
            "module.network.module.vpc.aws_route_table_association.public_association2",
            "module.network.module.vpc.aws_subnet.private",
            "module.network.module.vpc.aws_subnet.public",
            "module.network.module.vpc.aws_subnet.public2",
            "module.network.module.vpc.aws_vpc.main"
          ]
        }
      ]
    },
    {
      "module": "module.app.module.eks",
      "mode": "managed",
      "type": "aws_iam_role_policy_attachment",
      "name": "ecr_pull_policy",
      "provider": "provider[\"registry.terraform.io/hashicorp/aws\"]",
      "instances": [
        {
          "schema_version": 0,
          "attributes": {
            "id": "eks-node-role-20240908134144779200000004",
            "policy_arn": "arn:aws:iam::aws:policy/AmazonEC2ContainerRegistryReadOnly",
            "role": "eks-node-role"
          },
          "sensitive_attributes": [],
          "private": "bnVsbA==",
          "dependencies": [
            "module.app.module.eks.aws_iam_role.eks_node_role",
            "module.network.module.vpc.aws_eip.nat",
            "module.network.module.vpc.aws_internet_gateway.igw",
            "module.network.module.vpc.aws_nat_gateway.nat",
            "module.network.module.vpc.aws_route_table.private_rt",
            "module.network.module.vpc.aws_route_table.public_rt",
            "module.network.module.vpc.aws_route_table_association.private_association",
            "module.network.module.vpc.aws_route_table_association.public_association",
            "module.network.module.vpc.aws_route_table_association.public_association2",
            "module.network.module.vpc.aws_subnet.private",
            "module.network.module.vpc.aws_subnet.public",
            "module.network.module.vpc.aws_subnet.public2",
            "module.network.module.vpc.aws_vpc.main"
          ]
        }
      ]
    },
    {
      "module": "module.app.module.eks",
      "mode": "managed",
      "type": "aws_iam_role_policy_attachment",
      "name": "eks_cluster_policy",
      "provider": "provider[\"registry.terraform.io/hashicorp/aws\"]",
      "instances": [
        {
          "schema_version": 0,
          "attributes": {
            "id": "eks-cluster-role-20240908134144527100000003",
            "policy_arn": "arn:aws:iam::aws:policy/AmazonEKSClusterPolicy",
            "role": "eks-cluster-role"
          },
          "sensitive_attributes": [],
          "private": "bnVsbA==",
          "dependencies": [
            "module.app.module.eks.aws_iam_role.eks_cluster_role",
            "module.network.module.vpc.aws_eip.nat",
            "module.network.module.vpc.aws_internet_gateway.igw",
            "module.network.module.vpc.aws_nat_gateway.nat",
            "module.network.module.vpc.aws_route_table.private_rt",
            "module.network.module.vpc.aws_route_table.public_rt",
            "module.network.module.vpc.aws_route_table_association.private_association",
            "module.network.module.vpc.aws_route_table_association.public_association",
            "module.network.module.vpc.aws_route_table_association.public_association2",
            "module.network.module.vpc.aws_subnet.private",
            "module.network.module.vpc.aws_subnet.public",
            "module.network.module.vpc.aws_subnet.public2",
            "module.network.module.vpc.aws_vpc.main"
          ]
        }
      ]
    },
    {
      "module": "module.app.module.eks",
      "mode": "managed",
      "type": "aws_iam_role_policy_attachment",
      "name": "eks_cni_policy",
      "provider": "provider[\"registry.terraform.io/hashicorp/aws\"]",
      "instances": [
        {
          "schema_version": 0,
          "attributes": {
            "id": "eks-node-role-20240908134144526400000002",
            "policy_arn": "arn:aws:iam::aws:policy/AmazonEKS_CNI_Policy",
            "role": "eks-node-role"
          },
          "sensitive_attributes": [],
          "private": "bnVsbA==",
          "dependencies": [
            "module.app.module.eks.aws_iam_role.eks_node_role",
            "module.network.module.vpc.aws_eip.nat",
            "module.network.module.vpc.aws_internet_gateway.igw",
            "module.network.module.vpc.aws_nat_gateway.nat",
            "module.network.module.vpc.aws_route_table.private_rt",
            "module.network.module.vpc.aws_route_table.public_rt",
            "module.network.module.vpc.aws_route_table_association.private_association",
            "module.network.module.vpc.aws_route_table_association.public_association",
            "module.network.module.vpc.aws_route_table_association.public_association2",
            "module.network.module.vpc.aws_subnet.private",
            "module.network.module.vpc.aws_subnet.public",
            "module.network.module.vpc.aws_subnet.public2",
            "module.network.module.vpc.aws_vpc.main"
          ]
        }
      ]
    },
    {
      "module": "module.app.module.eks",
      "mode": "managed",
      "type": "aws_iam_role_policy_attachment",
      "name": "eks_worker_node_policy",
      "provider": "provider[\"registry.terraform.io/hashicorp/aws\"]",
      "instances": [
        {
          "schema_version": 0,
          "attributes": {
            "id": "eks-node-role-20240908134144784900000005",
            "policy_arn": "arn:aws:iam::aws:policy/AmazonEKSWorkerNodePolicy",
            "role": "eks-node-role"
          },
          "sensitive_attributes": [],
          "private": "bnVsbA==",
          "dependencies": [
            "module.app.module.eks.aws_iam_role.eks_node_role",
            "module.network.module.vpc.aws_eip.nat",
            "module.network.module.vpc.aws_internet_gateway.igw",
            "module.network.module.vpc.aws_nat_gateway.nat",
            "module.network.module.vpc.aws_route_table.private_rt",
            "module.network.module.vpc.aws_route_table.public_rt",
            "module.network.module.vpc.aws_route_table_association.private_association",
            "module.network.module.vpc.aws_route_table_association.public_association",
            "module.network.module.vpc.aws_route_table_association.public_association2",
            "module.network.module.vpc.aws_subnet.private",
            "module.network.module.vpc.aws_subnet.public",
            "module.network.module.vpc.aws_subnet.public2",
            "module.network.module.vpc.aws_vpc.main"
          ]
        }
      ]
    },
    {
      "module": "module.network.module.vpc",
      "mode": "managed",
      "type": "aws_eip",
      "name": "nat",
      "provider": "provider[\"registry.terraform.io/hashicorp/aws\"]",
      "instances": [
        {
          "schema_version": 0,
          "attributes": {
            "address": null,
            "allocation_id": "eipalloc-0c3da4d122f09c502",
            "arn": "arn:aws:ec2:us-east-1:408355232675:elastic-ip/eipalloc-0c3da4d122f09c502",
            "associate_with_private_ip": null,
            "association_id": "eipassoc-089f21af91dd672dc",
            "carrier_ip": "",
            "customer_owned_ip": "",
            "customer_owned_ipv4_pool": "",
            "domain": "vpc",
            "id": "eipalloc-0c3da4d122f09c502",
            "instance": "",
            "network_border_group": "us-east-1",
            "network_interface": "eni-051264381542706a6",
            "private_dns": "ip-10-0-2-13.ec2.internal",
            "private_ip": "10.0.2.13",
            "ptr_record": "",
            "public_dns": "ec2-44-195-130-54.compute-1.amazonaws.com",
            "public_ip": "44.195.130.54",
            "public_ipv4_pool": "amazon",
            "tags": {},
            "tags_all": {},
            "timeouts": null,
            "vpc": true
          },
          "sensitive_attributes": [],
          "private": "eyJlMmJmYjczMC1lY2FhLTExZTYtOGY4OC0zNDM2M2JjN2M0YzAiOnsiZGVsZXRlIjoxODAwMDAwMDAwMDAsInJlYWQiOjkwMDAwMDAwMDAwMCwidXBkYXRlIjozMDAwMDAwMDAwMDB9fQ=="
        }
      ]
    },
    {
      "module": "module.network.module.vpc",
      "mode": "managed",
      "type": "aws_internet_gateway",
      "name": "igw",
      "provider": "provider[\"registry.terraform.io/hashicorp/aws\"]",
      "instances": [
        {
          "schema_version": 0,
          "attributes": {
            "arn": "arn:aws:ec2:us-east-1:408355232675:internet-gateway/igw-02d4b82a8c0babbfa",
            "id": "igw-02d4b82a8c0babbfa",
            "owner_id": "408355232675",
            "tags": {
              "Name": "pwc-network"
            },
            "tags_all": {
              "Name": "pwc-network"
            },
            "timeouts": null,
            "vpc_id": "vpc-057411fd5f3aa10d3"
          },
          "sensitive_attributes": [],
          "private": "eyJlMmJmYjczMC1lY2FhLTExZTYtOGY4OC0zNDM2M2JjN2M0YzAiOnsiY3JlYXRlIjoxMjAwMDAwMDAwMDAwLCJkZWxldGUiOjEyMDAwMDAwMDAwMDAsInVwZGF0ZSI6MTIwMDAwMDAwMDAwMH19",
          "dependencies": [
            "module.network.module.vpc.aws_vpc.main"
          ]
        }
      ]
    },
    {
      "module": "module.network.module.vpc",
      "mode": "managed",
      "type": "aws_nat_gateway",
      "name": "nat",
      "provider": "provider[\"registry.terraform.io/hashicorp/aws\"]",
      "instances": [
        {
          "schema_version": 0,
          "attributes": {
            "allocation_id": "eipalloc-0c3da4d122f09c502",
            "association_id": "eipassoc-089f21af91dd672dc",
            "connectivity_type": "public",
            "id": "nat-09b256dead2d21afe",
            "network_interface_id": "eni-051264381542706a6",
            "private_ip": "10.0.2.13",
            "public_ip": "44.195.130.54",
            "secondary_allocation_ids": [],
            "secondary_private_ip_address_count": 0,
            "secondary_private_ip_addresses": [],
            "subnet_id": "subnet-0083d7159503b41af",
            "tags": {},
            "tags_all": {},
            "timeouts": null
          },
          "sensitive_attributes": [],
          "private": "eyJlMmJmYjczMC1lY2FhLTExZTYtOGY4OC0zNDM2M2JjN2M0YzAiOnsiY3JlYXRlIjo2MDAwMDAwMDAwMDAsImRlbGV0ZSI6MTgwMDAwMDAwMDAwMCwidXBkYXRlIjo2MDAwMDAwMDAwMDB9fQ==",
          "dependencies": [
            "module.network.module.vpc.aws_eip.nat",
            "module.network.module.vpc.aws_subnet.public",
            "module.network.module.vpc.aws_vpc.main"
          ]
        }
      ]
    },
    {
      "module": "module.network.module.vpc",
      "mode": "managed",
      "type": "aws_route_table",
      "name": "private_rt",
      "provider": "provider[\"registry.terraform.io/hashicorp/aws\"]",
      "instances": [
        {
          "schema_version": 0,
          "attributes": {
            "arn": "arn:aws:ec2:us-east-1:408355232675:route-table/rtb-035faf89fce92b5d3",
            "id": "rtb-035faf89fce92b5d3",
            "owner_id": "408355232675",
            "propagating_vgws": [],
            "route": [
              {
                "carrier_gateway_id": "",
                "cidr_block": "0.0.0.0/0",
                "core_network_arn": "",
                "destination_prefix_list_id": "",
                "egress_only_gateway_id": "",
                "gateway_id": "",
                "ipv6_cidr_block": "",
                "local_gateway_id": "",
                "nat_gateway_id": "nat-09b256dead2d21afe",
                "network_interface_id": "",
                "transit_gateway_id": "",
                "vpc_endpoint_id": "",
                "vpc_peering_connection_id": ""
              }
            ],
            "tags": {},
            "tags_all": {},
            "timeouts": null,
            "vpc_id": "vpc-057411fd5f3aa10d3"
          },
          "sensitive_attributes": [],
          "private": "eyJlMmJmYjczMC1lY2FhLTExZTYtOGY4OC0zNDM2M2JjN2M0YzAiOnsiY3JlYXRlIjozMDAwMDAwMDAwMDAsImRlbGV0ZSI6MzAwMDAwMDAwMDAwLCJ1cGRhdGUiOjEyMDAwMDAwMDAwMH19",
          "dependencies": [
            "module.network.module.vpc.aws_eip.nat",
            "module.network.module.vpc.aws_nat_gateway.nat",
            "module.network.module.vpc.aws_subnet.public",
            "module.network.module.vpc.aws_vpc.main"
          ]
        }
      ]
    },
    {
      "module": "module.network.module.vpc",
      "mode": "managed",
      "type": "aws_route_table",
      "name": "public_rt",
      "provider": "provider[\"registry.terraform.io/hashicorp/aws\"]",
      "instances": [
        {
          "schema_version": 0,
          "attributes": {
            "arn": "arn:aws:ec2:us-east-1:408355232675:route-table/rtb-0f3036f9efdc9a9f6",
            "id": "rtb-0f3036f9efdc9a9f6",
            "owner_id": "408355232675",
            "propagating_vgws": [],
            "route": [
              {
                "carrier_gateway_id": "",
                "cidr_block": "0.0.0.0/0",
                "core_network_arn": "",
                "destination_prefix_list_id": "",
                "egress_only_gateway_id": "",
                "gateway_id": "igw-02d4b82a8c0babbfa",
                "ipv6_cidr_block": "",
                "local_gateway_id": "",
                "nat_gateway_id": "",
                "network_interface_id": "",
                "transit_gateway_id": "",
                "vpc_endpoint_id": "",
                "vpc_peering_connection_id": ""
              }
            ],
            "tags": {
              "Name": "pwc-network"
            },
            "tags_all": {
              "Name": "pwc-network"
            },
            "timeouts": null,
            "vpc_id": "vpc-057411fd5f3aa10d3"
          },
          "sensitive_attributes": [],
          "private": "eyJlMmJmYjczMC1lY2FhLTExZTYtOGY4OC0zNDM2M2JjN2M0YzAiOnsiY3JlYXRlIjozMDAwMDAwMDAwMDAsImRlbGV0ZSI6MzAwMDAwMDAwMDAwLCJ1cGRhdGUiOjEyMDAwMDAwMDAwMH19",
          "dependencies": [
            "module.network.module.vpc.aws_internet_gateway.igw",
            "module.network.module.vpc.aws_vpc.main"
          ]
        }
      ]
    },
    {
      "module": "module.network.module.vpc",
      "mode": "managed",
      "type": "aws_route_table_association",
      "name": "private_association",
      "provider": "provider[\"registry.terraform.io/hashicorp/aws\"]",
      "instances": [
        {
          "schema_version": 0,
          "attributes": {
            "gateway_id": "",
            "id": "rtbassoc-0889700b6c7a139a3",
            "route_table_id": "rtb-035faf89fce92b5d3",
            "subnet_id": "subnet-005f61791965964a5",
            "timeouts": null
          },
          "sensitive_attributes": [],
          "private": "eyJlMmJmYjczMC1lY2FhLTExZTYtOGY4OC0zNDM2M2JjN2M0YzAiOnsiY3JlYXRlIjozMDAwMDAwMDAwMDAsImRlbGV0ZSI6MzAwMDAwMDAwMDAwLCJ1cGRhdGUiOjEyMDAwMDAwMDAwMH19",
          "dependencies": [
            "module.network.module.vpc.aws_eip.nat",
            "module.network.module.vpc.aws_nat_gateway.nat",
            "module.network.module.vpc.aws_route_table.private_rt",
            "module.network.module.vpc.aws_subnet.private",
            "module.network.module.vpc.aws_subnet.public",
            "module.network.module.vpc.aws_vpc.main"
          ]
        }
      ]
    },
    {
      "module": "module.network.module.vpc",
      "mode": "managed",
      "type": "aws_route_table_association",
      "name": "public_association",
      "provider": "provider[\"registry.terraform.io/hashicorp/aws\"]",
      "instances": [
        {
          "schema_version": 0,
          "attributes": {
            "gateway_id": "",
            "id": "rtbassoc-0da39d0f0e6d18ee7",
            "route_table_id": "rtb-0f3036f9efdc9a9f6",
            "subnet_id": "subnet-0083d7159503b41af",
            "timeouts": null
          },
          "sensitive_attributes": [],
          "private": "eyJlMmJmYjczMC1lY2FhLTExZTYtOGY4OC0zNDM2M2JjN2M0YzAiOnsiY3JlYXRlIjozMDAwMDAwMDAwMDAsImRlbGV0ZSI6MzAwMDAwMDAwMDAwLCJ1cGRhdGUiOjEyMDAwMDAwMDAwMH19",
          "dependencies": [
            "module.network.module.vpc.aws_internet_gateway.igw",
            "module.network.module.vpc.aws_route_table.public_rt",
            "module.network.module.vpc.aws_subnet.public",
            "module.network.module.vpc.aws_vpc.main"
          ]
        }
      ]
    },
    {
      "module": "module.network.module.vpc",
      "mode": "managed",
      "type": "aws_route_table_association",
      "name": "public_association2",
      "provider": "provider[\"registry.terraform.io/hashicorp/aws\"]",
      "instances": [
        {
          "schema_version": 0,
          "attributes": {
            "gateway_id": "",
            "id": "rtbassoc-0a56853ab58354b56",
            "route_table_id": "rtb-0f3036f9efdc9a9f6",
            "subnet_id": "subnet-00ab09109387cc3c9",
            "timeouts": null
          },
          "sensitive_attributes": [],
          "private": "eyJlMmJmYjczMC1lY2FhLTExZTYtOGY4OC0zNDM2M2JjN2M0YzAiOnsiY3JlYXRlIjozMDAwMDAwMDAwMDAsImRlbGV0ZSI6MzAwMDAwMDAwMDAwLCJ1cGRhdGUiOjEyMDAwMDAwMDAwMH19",
          "dependencies": [
            "module.network.module.vpc.aws_internet_gateway.igw",
            "module.network.module.vpc.aws_route_table.public_rt",
            "module.network.module.vpc.aws_subnet.public2",
            "module.network.module.vpc.aws_vpc.main"
          ]
        }
      ]
    },
    {
      "module": "module.network.module.vpc",
      "mode": "managed",
      "type": "aws_subnet",
      "name": "private",
      "provider": "provider[\"registry.terraform.io/hashicorp/aws\"]",
      "instances": [
        {
          "schema_version": 1,
          "attributes": {
            "arn": "arn:aws:ec2:us-east-1:408355232675:subnet/subnet-005f61791965964a5",
            "assign_ipv6_address_on_creation": false,
            "availability_zone": "us-east-1a",
            "availability_zone_id": "use1-az2",
            "cidr_block": "10.0.1.0/24",
            "customer_owned_ipv4_pool": "",
            "enable_dns64": false,
            "enable_lni_at_device_index": 0,
            "enable_resource_name_dns_a_record_on_launch": false,
            "enable_resource_name_dns_aaaa_record_on_launch": false,
            "id": "subnet-005f61791965964a5",
            "ipv6_cidr_block": "",
            "ipv6_cidr_block_association_id": "",
            "ipv6_native": false,
            "map_customer_owned_ip_on_launch": false,
            "map_public_ip_on_launch": false,
            "outpost_arn": "",
            "owner_id": "408355232675",
            "private_dns_hostname_type_on_launch": "ip-name",
            "tags": {
              "Name": "pwc-network"
            },
            "tags_all": {
              "Name": "pwc-network"
            },
            "timeouts": null,
            "vpc_id": "vpc-057411fd5f3aa10d3"
          },
          "sensitive_attributes": [],
          "private": "eyJlMmJmYjczMC1lY2FhLTExZTYtOGY4OC0zNDM2M2JjN2M0YzAiOnsiY3JlYXRlIjo2MDAwMDAwMDAwMDAsImRlbGV0ZSI6MTIwMDAwMDAwMDAwMH0sInNjaGVtYV92ZXJzaW9uIjoiMSJ9",
          "dependencies": [
            "module.network.module.vpc.aws_vpc.main"
          ]
        }
      ]
    },
    {
      "module": "module.network.module.vpc",
      "mode": "managed",
      "type": "aws_subnet",
      "name": "public",
      "provider": "provider[\"registry.terraform.io/hashicorp/aws\"]",
      "instances": [
        {
          "schema_version": 1,
          "attributes": {
            "arn": "arn:aws:ec2:us-east-1:408355232675:subnet/subnet-0083d7159503b41af",
            "assign_ipv6_address_on_creation": false,
            "availability_zone": "us-east-1a",
            "availability_zone_id": "use1-az2",
            "cidr_block": "10.0.2.0/24",
            "customer_owned_ipv4_pool": "",
            "enable_dns64": false,
            "enable_lni_at_device_index": 0,
            "enable_resource_name_dns_a_record_on_launch": false,
            "enable_resource_name_dns_aaaa_record_on_launch": false,
            "id": "subnet-0083d7159503b41af",
            "ipv6_cidr_block": "",
            "ipv6_cidr_block_association_id": "",
            "ipv6_native": false,
            "map_customer_owned_ip_on_launch": false,
            "map_public_ip_on_launch": true,
            "outpost_arn": "",
            "owner_id": "408355232675",
            "private_dns_hostname_type_on_launch": "ip-name",
            "tags": {
              "Name": "pwc-network"
            },
            "tags_all": {
              "Name": "pwc-network"
            },
            "timeouts": null,
            "vpc_id": "vpc-057411fd5f3aa10d3"
          },
          "sensitive_attributes": [],
          "private": "eyJlMmJmYjczMC1lY2FhLTExZTYtOGY4OC0zNDM2M2JjN2M0YzAiOnsiY3JlYXRlIjo2MDAwMDAwMDAwMDAsImRlbGV0ZSI6MTIwMDAwMDAwMDAwMH0sInNjaGVtYV92ZXJzaW9uIjoiMSJ9",
          "dependencies": [
            "module.network.module.vpc.aws_vpc.main"
          ]
        }
      ]
    },
    {
      "module": "module.network.module.vpc",
      "mode": "managed",
      "type": "aws_subnet",
      "name": "public2",
      "provider": "provider[\"registry.terraform.io/hashicorp/aws\"]",
      "instances": [
        {
          "schema_version": 1,
          "attributes": {
            "arn": "arn:aws:ec2:us-east-1:408355232675:subnet/subnet-00ab09109387cc3c9",
            "assign_ipv6_address_on_creation": false,
            "availability_zone": "us-east-1b",
            "availability_zone_id": "use1-az4",
            "cidr_block": "10.0.3.0/24",
            "customer_owned_ipv4_pool": "",
            "enable_dns64": false,
            "enable_lni_at_device_index": 0,
            "enable_resource_name_dns_a_record_on_launch": false,
            "enable_resource_name_dns_aaaa_record_on_launch": false,
            "id": "subnet-00ab09109387cc3c9",
            "ipv6_cidr_block": "",
            "ipv6_cidr_block_association_id": "",
            "ipv6_native": false,
            "map_customer_owned_ip_on_launch": false,
            "map_public_ip_on_launch": true,
            "outpost_arn": "",
            "owner_id": "408355232675",
            "private_dns_hostname_type_on_launch": "ip-name",
            "tags": {
              "Name": "pwc-network"
            },
            "tags_all": {
              "Name": "pwc-network"
            },
            "timeouts": null,
            "vpc_id": "vpc-057411fd5f3aa10d3"
          },
          "sensitive_attributes": [],
          "private": "eyJlMmJmYjczMC1lY2FhLTExZTYtOGY4OC0zNDM2M2JjN2M0YzAiOnsiY3JlYXRlIjo2MDAwMDAwMDAwMDAsImRlbGV0ZSI6MTIwMDAwMDAwMDAwMH0sInNjaGVtYV92ZXJzaW9uIjoiMSJ9",
          "dependencies": [
            "module.network.module.vpc.aws_vpc.main"
          ]
        }
      ]
    },
    {
      "module": "module.network.module.vpc",
      "mode": "managed",
      "type": "aws_vpc",
      "name": "main",
      "provider": "provider[\"registry.terraform.io/hashicorp/aws\"]",
      "instances": [
        {
          "schema_version": 1,
          "attributes": {
            "arn": "arn:aws:ec2:us-east-1:408355232675:vpc/vpc-057411fd5f3aa10d3",
            "assign_generated_ipv6_cidr_block": false,
            "cidr_block": "10.0.0.0/16",
            "default_network_acl_id": "acl-096f401fd81753f41",
            "default_route_table_id": "rtb-03cf9b504e5936998",
            "default_security_group_id": "sg-0a305c50aff37847e",
            "dhcp_options_id": "dopt-0848f1bedd43d67c7",
            "enable_dns_hostnames": true,
            "enable_dns_support": true,
            "enable_network_address_usage_metrics": false,
            "id": "vpc-057411fd5f3aa10d3",
            "instance_tenancy": "default",
            "ipv4_ipam_pool_id": null,
            "ipv4_netmask_length": null,
            "ipv6_association_id": "",
            "ipv6_cidr_block": "",
            "ipv6_cidr_block_network_border_group": "",
            "ipv6_ipam_pool_id": "",
            "ipv6_netmask_length": 0,
            "main_route_table_id": "rtb-03cf9b504e5936998",
            "owner_id": "408355232675",
            "tags": {
              "Name": "pwc-network"
            },
            "tags_all": {
              "Name": "pwc-network"
            }
          },
          "sensitive_attributes": [],
          "private": "eyJzY2hlbWFfdmVyc2lvbiI6IjEifQ=="
        }
      ]
    }
  ],
  "check_results": null
}
